
Microsoft Visual Studio Solution File, Format Version 12.00
# Visual Studio Version 17
VisualStudioVersion = 17.14.37111.16
MinimumVisualStudioVersion = 10.0.40219.1
Project("{FAE04EC0-301F-11D3-BF4B-00C04F79EFBC}") = "DSA VS Practice", "DSA VS Practice.csproj", "{BE20E0C5-9318-418F-A75E-CE110F44A463}"
EndProject
Project("{FAE04EC0-301F-11D3-BF4B-00C04F79EFBC}") = "1. Recursion", "..\1. Recursion\1. Recursion.csproj", "{C4C40236-4B4C-41E8-A70A-F4700B9F44D4}"
EndProject
Project("{FAE04EC0-301F-11D3-BF4B-00C04F79EFBC}") = "2. Searching Algorithms", "..\2. Searching Algorithms\2. Searching Algorithms.csproj", "{9B2135EB-9E59-47F3-A336-E33B92AA0F22}"
EndProject
Project("{FAE04EC0-301F-11D3-BF4B-00C04F79EFBC}") = "3. Sorting Algoritms", "..\3. Sorting Algoritms\3. Sorting Algoritms.csproj", "{9204A021-A2DA-4AF2-8929-CEA7D05572C4}"
EndProject
Project("{FAE04EC0-301F-11D3-BF4B-00C04F79EFBC}") = "4. Linked List", "..\4. Linked List\4. Linked List.csproj", "{6A2156BA-BC9D-40F0-A592-169EB699D45D}"
EndProject
Global
	GlobalSection(SolutionConfigurationPlatforms) = preSolution
		Debug|Any CPU = Debug|Any CPU
		Release|Any CPU = Release|Any CPU
	EndGlobalSection
	GlobalSection(ProjectConfigurationPlatforms) = postSolution
		{BE20E0C5-9318-418F-A75E-CE110F44A463}.Debug|Any CPU.ActiveCfg = Debug|Any CPU
		{BE20E0C5-9318-418F-A75E-CE110F44A463}.Debug|Any CPU.Build.0 = Debug|Any CPU
		{BE20E0C5-9318-418F-A75E-CE110F44A463}.Release|Any CPU.ActiveCfg = Release|Any CPU
		{BE20E0C5-9318-418F-A75E-CE110F44A463}.Release|Any CPU.Build.0 = Release|Any CPU
		{C4C40236-4B4C-41E8-A70A-F4700B9F44D4}.Debug|Any CPU.ActiveCfg = Debug|Any CPU
		{C4C40236-4B4C-41E8-A70A-F4700B9F44D4}.Debug|Any CPU.Build.0 = Debug|Any CPU
		{C4C40236-4B4C-41E8-A70A-F4700B9F44D4}.Release|Any CPU.ActiveCfg = Release|Any CPU
		{C4C40236-4B4C-41E8-A70A-F4700B9F44D4}.Release|Any CPU.Build.0 = Release|Any CPU
		{9B2135EB-9E59-47F3-A336-E33B92AA0F22}.Debug|Any CPU.ActiveCfg = Debug|Any CPU
		{9B2135EB-9E59-47F3-A336-E33B92AA0F22}.Debug|Any CPU.Build.0 = Debug|Any CPU
		{9B2135EB-9E59-47F3-A336-E33B92AA0F22}.Release|Any CPU.ActiveCfg = Release|Any CPU
		{9B2135EB-9E59-47F3-A336-E33B92AA0F22}.Release|Any CPU.Build.0 = Release|Any CPU
		{9204A021-A2DA-4AF2-8929-CEA7D05572C4}.Debug|Any CPU.ActiveCfg = Debug|Any CPU
		{9204A021-A2DA-4AF2-8929-CEA7D05572C4}.Debug|Any CPU.Build.0 = Debug|Any CPU
		{9204A021-A2DA-4AF2-8929-CEA7D05572C4}.Release|Any CPU.ActiveCfg = Release|Any CPU
		{9204A021-A2DA-4AF2-8929-CEA7D05572C4}.Release|Any CPU.Build.0 = Release|Any CPU
		{6A2156BA-BC9D-40F0-A592-169EB699D45D}.Debug|Any CPU.ActiveCfg = Debug|Any CPU
		{6A2156BA-BC9D-40F0-A592-169EB699D45D}.Debug|Any CPU.Build.0 = Debug|Any CPU
		{6A2156BA-BC9D-40F0-A592-169EB699D45D}.Release|Any CPU.ActiveCfg = Release|Any CPU
		{6A2156BA-BC9D-40F0-A592-169EB699D45D}.Release|Any CPU.Build.0 = Release|Any CPU
	EndGlobalSection
	GlobalSection(SolutionProperties) = preSolution
		HideSolutionNode = FALSE
	EndGlobalSection
	GlobalSection(ExtensibilityGlobals) = postSolution
		SolutionGuid = {4A7FCAE1-378B-427C-BC31-7BAD800BB711}
	EndGlobalSection
EndGlobal
